# This file was autogenerated by Stack.
# You should not edit this file by hand.
# For more information, please see the documentation at:
#   https://docs.haskellstack.org/en/stable/lock_files

packages:
- completed:
    hackage: aeson-1.4.2.0@sha256:8166752a9669597db375343df19805069595fed9c613f98504e418849f40fe18,7007
    pantry-tree:
      size: 39673
      sha256: 68301758eee0ab638c090f0d21ac6ffac5080f6e44e7682534f1e172e47f931c
  original:
    hackage: aeson-1.4.2.0
- completed:
    hackage: temporary-1.2.1.1@sha256:7a53ecaa3883429616ffe8b680e97195c6a45598b77171d070b9c01ffaadce0b,1474
    pantry-tree:
      size: 318
      sha256: 53ae8c5aaf6d6e7ca22188d44a130908fd3d94d38275583897d9fa87db483da5
  original:
    hackage: temporary-1.2.1.1
- completed:
    hackage: yaml-0.8.26@sha256:0969487e1d5a6a530a92f02e52a702905d5929ccb7f77674ecc1d553d5fb848d,5142
    pantry-tree:
      size: 2684
      sha256: 06d035d13bc88c56fb13fcd2c844bd054a41aaa57e73661a6f6aba686266847a
  original:
    hackage: yaml-0.8.26
- completed:
    hackage: haskell-gi-0.23.0@sha256:bf78485bdded4aa807dc570970c8a140099fc048f600b03ece69dd171c8fb873,5118
    pantry-tree:
      size: 4346
      sha256: d19f8cd2c1d0da9ab2b8f2d634f46fed667a71ce0a28efb8b20b42230fa4b3d4
  original:
    hackage: haskell-gi-0.23.0
- completed:
    hackage: haskell-gi-base-0.23.0@sha256:6c90f3e710921e7884a86fb53bf4b4e50a178f61e3a4ea365a1aa9deba30a075,2341
    pantry-tree:
      size: 1734
      sha256: 34e47d409c51a684551dd82d33b6560c2669fde857766e93f1f45793213f7fac
  original:
    hackage: haskell-gi-base-0.23.0
- completed:
    hackage: gi-atk-2.0.21@sha256:0e1f319e26eb2d5de4cc1b4a31c7ce17a208e809d6d915f6e885b99f619d0f94,6791
    pantry-tree:
      size: 355
      sha256: 8dd7edfcc6f9d6c44570c25980fe2cdcd793a590b2d757ffb7f6fd010bb35c82
  original:
    hackage: gi-atk-2.0.21
- completed:
    hackage: gi-gobject-2.0.22@sha256:2e529981f39e5d399107d3468d4523badb8f856c926d09dcfa13a8e835f2c6cb,9347
    pantry-tree:
      size: 364
      sha256: 95ffca9f1176776d363ea3330a2091a00240fbc4daff2a94af6761eeddc251c9
  original:
    hackage: gi-gobject-2.0.22
- completed:
    hackage: gi-gio-2.0.25@sha256:11322bbed1688de35886949845fd1bf37c7a4e1020f19c1b60ce319f5f07655b,21869
    pantry-tree:
      size: 359
      sha256: fcfaa95fa71364b94c520b7d5881b6296cec32bebe2cba8ea3b2a23e8192f678
  original:
    hackage: gi-gio-2.0.25
- completed:
    hackage: gi-glib-2.0.23@sha256:d931f5c5547e71689c8f4450c19b1a0240f1adfcf764c12fdeeb19b4adb31504,9558
    pantry-tree:
      size: 358
      sha256: c6955d55c691358dfabea7290a01565f779db715677652565572c3d9bc561161
  original:
    hackage: gi-glib-2.0.23
- completed:
    hackage: gi-pango-1.0.22@sha256:d415a3527698cb624fb724062b8f0a81b56bc40eff3d8b67450f083db86d3c7d,8147
    pantry-tree:
      size: 360
      sha256: 61e2927c45a7a0fe209cd9b36348a112b59360f2c6c0d49f0f47066de90339c8
  original:
    hackage: gi-pango-1.0.22
- completed:
    hackage: gi-gdk-3.0.22@sha256:cfc6709c26c844aa2242ef579d84ceaa58703d226346ac80144ea68285b574e8,9003
    pantry-tree:
      size: 355
      sha256: 505446ce942474fe01357693aeef668fc8c7493537040b94f377e2b448785644
  original:
    hackage: gi-gdk-3.0.22
- completed:
    hackage: gi-gdkpixbuf-2.0.23@sha256:f08d95ddea4431978e872684af359ece52f241e00acdbfffade86211f0a49e47,3842
    pantry-tree:
      size: 368
      sha256: 71b891d78fd2a1ac65f6ddaddbf3fbd664e72eb7ca0798f417fae2abc91f294a
  original:
    hackage: gi-gdkpixbuf-2.0.23
- completed:
    hackage: gi-gtk-3.0.32@sha256:767e73231987191832cca97df96243164bd02556167db8368fb6b57f43cfed1a,38896
    pantry-tree:
      size: 359
      sha256: 39485485d9e72829b099ac682fda98ace5e3624efbf67705b52ec4ba47a3564d
  original:
    hackage: gi-gtk-3.0.32
- completed:
    hackage: gi-cairo-1.0.23@sha256:e0015eada06b6c365c1dd5e7baddce56ed70fa6c9db415c22ac91c885d727ffb,3727
    pantry-tree:
      size: 358
      sha256: df849fdea4733e665daf0b1c6af8d216097ff040b119ced6e0a48834d9eabee1
  original:
    hackage: gi-cairo-1.0.23
- completed:
    hackage: gi-gstbase-1.0.22@sha256:65e5c684f2db1fe3e3739319aec5cf73e01ce2815c6b449787fccb12b0163137,4686
    pantry-tree:
      size: 363
      sha256: 33c3efd9136db929df01cc5de50437743ee9c05c033ac9f3e210ecb8728ae547
  original:
    hackage: gi-gstbase-1.0.22
- completed:
    hackage: gi-gst-1.0.22@sha256:173133e9c731e22e4113c55d97010bcadbefa24778181e723f110f905c3111c8,12453
    pantry-tree:
      size: 357
      sha256: c9b6d556e4c515531e8d63a3f15ddb00439b8430d78a2cc8684ef4a7a026732d
  original:
    hackage: gi-gst-1.0.22
- completed:
    hackage: gi-gstvideo-1.0.22@sha256:024bb71bfc9436147646e6c7c1f2d248c36eaa5cd3c333aa777b478a31d32a65,9001
    pantry-tree:
      size: 365
      sha256: eb77ede90c5ec1bcfb9f9b0fed6d7bf4ff1cfd66d729570978c9deb64746a943
  original:
    hackage: gi-gstvideo-1.0.22
snapshots:
- completed:
    size: 504771
    url: https://raw.githubusercontent.com/commercialhaskell/stackage-snapshots/master/lts/12/14.yaml
    sha256: 3cbd6c83316dd5e2bbc756dc7a2a4e31a31859c3f8b5c720efb6850b08e42649
  original: lts-12.14
