# This file was autogenerated by Stack.
# You should not edit this file by hand.
# For more information, please see the documentation at:
#   https://docs.haskellstack.org/en/stable/lock_files

packages:
- completed:
    hackage: aeson-1.4.2.0@sha256:8166752a9669597db375343df19805069595fed9c613f98504e418849f40fe18,7007
    pantry-tree:
      size: 39673
      sha256: 68301758eee0ab638c090f0d21ac6ffac5080f6e44e7682534f1e172e47f931c
  original:
    hackage: aeson-1.4.2.0
- completed:
    hackage: temporary-1.2.1.1@sha256:7a53ecaa3883429616ffe8b680e97195c6a45598b77171d070b9c01ffaadce0b,1474
    pantry-tree:
      size: 318
      sha256: 53ae8c5aaf6d6e7ca22188d44a130908fd3d94d38275583897d9fa87db483da5
  original:
    hackage: temporary-1.2.1.1
- completed:
    hackage: yaml-0.8.26@sha256:160fd85a728c000312a196ec9ebd023e99513e8f7e47d4729a9acc00fc704ac1,5116
    pantry-tree:
      size: 2684
      sha256: 82dfd01473e24c2ea2c081392e04e8c7efa848b525462fd6c7a71c65c4899504
  original:
    hackage: yaml-0.8.26
- completed:
    hackage: haskell-gi-0.22.6@sha256:a7d8f8c92109047489a22f5d0055e4e4bec0d4fa29a1c2264a54f2dfc3a117a3,4996
    pantry-tree:
      size: 4346
      sha256: 0ec636b6b1e471186756caf8390e5994c4dfbd1c8eae5bb8cd88736fd09eb98c
  original:
    hackage: haskell-gi-0.22.6
- completed:
    hackage: haskell-gi-base-0.22.2@sha256:e8d5cf0b4fada4914443f171b38c8b82924bbefca3196793b1622f5fa50adfb4,2308
    pantry-tree:
      size: 1663
      sha256: 6f85514d25d696f7389baa35cb34318e8cc896cad3244cb80d798bc71c5949f1
  original:
    hackage: haskell-gi-base-0.22.2
- completed:
    hackage: gi-atk-2.0.20@sha256:1638d851cc7c63a9acaacca825cee676c67cad54939afa4db69f0e4ab91fc55d,6721
    pantry-tree:
      size: 355
      sha256: 6e11214e8b02bdde1d1fd718d1fe68c7b5736b11f97ec8e0cd4b67a9560c05d9
  original:
    hackage: gi-atk-2.0.20
- completed:
    hackage: gi-gobject-2.0.21@sha256:cbbc8e06e8e1446568054280d734dda6d8a888e166c60670fabddc4746835c36,9029
    pantry-tree:
      size: 364
      sha256: 6ca4fd8faaca179c5aa4d86631d9531da0065fa63a492445fec92de5962c2e21
  original:
    hackage: gi-gobject-2.0.21
- completed:
    hackage: gi-gio-2.0.24@sha256:f8840f15bcce9c280165f4a43b792e152fa5e806f4e8e86dcc5068363125dcae,21799
    pantry-tree:
      size: 359
      sha256: 08a2d203f3bbe18b53c349a84d26dfb7d2fd617a6907785aa2e770287de705dd
  original:
    hackage: gi-gio-2.0.24
- completed:
    hackage: gi-glib-2.0.22@sha256:c05d4a446d5f642df1728697a8b5acf7ea2eccbdaff2484971a9ec1281b1c490,9486
    pantry-tree:
      size: 358
      sha256: d422706d6a52a2a5062561da295c627d6070279fc258ec039a36efb2b8652dd9
  original:
    hackage: gi-glib-2.0.22
- completed:
    hackage: gi-pango-1.0.21@sha256:7b293da6308c5cbe7d5898ab975cf8364f8556bfb86c40e4784ba1abd422249d,8073
    pantry-tree:
      size: 360
      sha256: cc90f53fd7fa2f11fd897874e36d903f0af425e2e2550ed1d7c0865fe3b1d6ab
  original:
    hackage: gi-pango-1.0.21
- completed:
    hackage: gi-gdk-3.0.21@sha256:e830b15bf6eaeb623175d848df017653aa78e0ffad20d8f5a84336d2737bb026,8933
    pantry-tree:
      size: 355
      sha256: 6b0d6bc94131082e37ed04d7aee9074027b40882db15ddf475419406c1de72d4
  original:
    hackage: gi-gdk-3.0.21
- completed:
    hackage: gi-gdkpixbuf-2.0.22@sha256:0b66b5490e7bc1054e8dc19c50c581ed54c1883338ce7cec2a6d435d629553b1,3760
    pantry-tree:
      size: 368
      sha256: cf798239321d722db26a8abe87c900b4bdeea6cade5301ea5bccc8064a0143b8
  original:
    hackage: gi-gdkpixbuf-2.0.22
- completed:
    hackage: gi-gtk-3.0.31@sha256:f65a442b0d08893847d04048d0d327eb13d2a7494dc6c58344b10569f76816c4,38616
    pantry-tree:
      size: 359
      sha256: 5707c1e3cf4a749bc858446125ee2b0b71e47b3c995b04eb0f4c04c9f58bbc69
  original:
    hackage: gi-gtk-3.0.31
- completed:
    hackage: gi-cairo-1.0.22@sha256:aaec6b1f029a326fed6b6503c86d08f40e270bf232079ef33120d1007cdb1444,3653
    pantry-tree:
      size: 358
      sha256: 0c16d821b5ec0ca3ba4378999a10373b8c63f86a82228361a1571289766ca670
  original:
    hackage: gi-cairo-1.0.22
- completed:
    hackage: gi-gstbase-1.0.21@sha256:0d08d7aad9fb261ed1ca05047e8d30e0354e6e8681e38b7b9dbd787819d8a8fa,4608
    pantry-tree:
      size: 363
      sha256: d2cc88bdb477134adf08d13a4d39224909df32f6c9b11a187846fc0ec4a7dba4
  original:
    hackage: gi-gstbase-1.0.21
- completed:
    hackage: gi-gst-1.0.21@sha256:6fb5aaa166a99d6147b927dc31d77a3336a97f09cdaf39483307f2f59dbe8089,12383
    pantry-tree:
      size: 357
      sha256: 97bb5624e534bdc0ea503c9be95d87928a0d08ca94ed9f5d62feb99eda1a1cf2
  original:
    hackage: gi-gst-1.0.21
- completed:
    hackage: gi-gstvideo-1.0.21@sha256:4d3231fe308fc42dc26448cc669016631a73cbe7e6b417ad26bf491d8224a4e6,8921
    pantry-tree:
      size: 365
      sha256: 80190a7393d4bc40bbd1223e0109505d757a7acd0fb4b88a4278ee90c54699ce
  original:
    hackage: gi-gstvideo-1.0.21
snapshots:
- completed:
    size: 504771
    url: https://raw.githubusercontent.com/commercialhaskell/stackage-snapshots/master/lts/12/14.yaml
    sha256: 3cbd6c83316dd5e2bbc756dc7a2a4e31a31859c3f8b5c720efb6850b08e42649
  original: lts-12.14
